{
  "version": 4,
  "terraform_version": "1.9.5",
  "serial": 12,
  "lineage": "6b7149c5-0217-e06e-6a98-7b21e1cc6ca4",
  "outputs": {},
  "resources": [
    {
      "mode": "managed",
      "type": "yandex_vpc_gateway",
      "name": "nat_gateway",
      "provider": "provider[\"registry.terraform.io/yandex-cloud/yandex\"]",
      "instances": [
        {
          "schema_version": 0,
          "attributes": {
            "created_at": "2024-09-29T09:06:10Z",
            "description": "",
            "folder_id": "b1gisbuluni0gkvcaun4",
            "id": "enpkq1b1j2g4mi7kd8so",
            "labels": {},
            "name": "test-gateway",
            "shared_egress_gateway": [
              {}
            ],
            "timeouts": null
          },
          "sensitive_attributes": [],
          "private": "eyJlMmJmYjczMC1lY2FhLTExZTYtOGY4OC0zNDM2M2JjN2M0YzAiOnsiY3JlYXRlIjo2MDAwMDAwMDAwMCwiZGVsZXRlIjo2MDAwMDAwMDAwMCwidXBkYXRlIjo2MDAwMDAwMDAwMH19"
        }
      ]
    }
  ],
  "check_results": null
}
